
Microsoft Visual Studio Solution File, Format Version 12.00
# Visual Studio Version 16
VisualStudioVersion = 16.0.31829.152
MinimumVisualStudioVersion = 10.0.40219.1
Project("{FAE04EC0-301F-11D3-BF4B-00C04F79EFBC}") = "DesktopHistory", "DesktopHistory\DesktopHistory.csproj", "{FE9EC5DA-BF14-4712-A714-F7C4D6758A6C}"
EndProject
Global
	GlobalSection(SolutionConfigurationPlatforms) = preSolution
		Debug|Any CPU = Debug|Any CPU
		Release|Any CPU = Release|Any CPU
	EndGlobalSection
	GlobalSection(ProjectConfigurationPlatforms) = postSolution
		{FE9EC5DA-BF14-4712-A714-F7C4D6758A6C}.Debug|Any CPU.ActiveCfg = Debug|Any CPU
		{FE9EC5DA-BF14-4712-A714-F7C4D6758A6C}.Debug|Any CPU.Build.0 = Debug|Any CPU
		{FE9EC5DA-BF14-4712-A714-F7C4D6758A6C}.Release|Any CPU.ActiveCfg = Release|Any CPU
		{FE9EC5DA-BF14-4712-A714-F7C4D6758A6C}.Release|Any CPU.Build.0 = Release|Any CPU
	EndGlobalSection
	GlobalSection(SolutionProperties) = preSolution
		HideSolutionNode = FALSE
	EndGlobalSection
	GlobalSection(ExtensibilityGlobals) = postSolution
		SolutionGuid = {D17E4692-2B2A-45FD-8531-AEDC3D1CD12C}
	EndGlobalSection
EndGlobal
